
Microsoft Visual Studio Solution File, Format Version 12.00
# Visual Studio Version 16
VisualStudioVersion = 16.0.30621.155
MinimumVisualStudioVersion = 10.0.40219.1
Project("{8BC9CEB8-8B4A-11D0-8D11-00A0C91BC942}") = "ClientHook", "ClientHook\ClientHook.vcxproj", "{8A484DE6-0A80-458E-BBD0-4C5E92E507D9}"
EndProject
Project("{8BC9CEB8-8B4A-11D0-8D11-00A0C91BC942}") = "Client", "Client\Client.vcxproj", "{FD5D8FA9-556E-44A6-AEBD-63ABF680D33C}"
EndProject
Global
	GlobalSection(SolutionConfigurationPlatforms) = preSolution
		Debug|x64 = Debug|x64
		Debug|x86 = Debug|x86
		Release|x64 = Release|x64
		Release|x86 = Release|x86
	EndGlobalSection
	GlobalSection(ProjectConfigurationPlatforms) = postSolution
		{8A484DE6-0A80-458E-BBD0-4C5E92E507D9}.Debug|x64.ActiveCfg = Debug|x64
		{8A484DE6-0A80-458E-BBD0-4C5E92E507D9}.Debug|x64.Build.0 = Debug|x64
		{8A484DE6-0A80-458E-BBD0-4C5E92E507D9}.Debug|x86.ActiveCfg = Debug|Win32
		{8A484DE6-0A80-458E-BBD0-4C5E92E507D9}.Debug|x86.Build.0 = Debug|Win32
		{8A484DE6-0A80-458E-BBD0-4C5E92E507D9}.Release|x64.ActiveCfg = Release|x64
		{8A484DE6-0A80-458E-BBD0-4C5E92E507D9}.Release|x64.Build.0 = Release|x64
		{8A484DE6-0A80-458E-BBD0-4C5E92E507D9}.Release|x86.ActiveCfg = Release|Win32
		{8A484DE6-0A80-458E-BBD0-4C5E92E507D9}.Release|x86.Build.0 = Release|Win32
		{FD5D8FA9-556E-44A6-AEBD-63ABF680D33C}.Debug|x64.ActiveCfg = Debug|x64
		{FD5D8FA9-556E-44A6-AEBD-63ABF680D33C}.Debug|x64.Build.0 = Debug|x64
		{FD5D8FA9-556E-44A6-AEBD-63ABF680D33C}.Debug|x86.ActiveCfg = Debug|Win32
		{FD5D8FA9-556E-44A6-AEBD-63ABF680D33C}.Debug|x86.Build.0 = Debug|Win32
		{FD5D8FA9-556E-44A6-AEBD-63ABF680D33C}.Release|x64.ActiveCfg = Release|x64
		{FD5D8FA9-556E-44A6-AEBD-63ABF680D33C}.Release|x64.Build.0 = Release|x64
		{FD5D8FA9-556E-44A6-AEBD-63ABF680D33C}.Release|x86.ActiveCfg = Release|Win32
		{FD5D8FA9-556E-44A6-AEBD-63ABF680D33C}.Release|x86.Build.0 = Release|Win32
	EndGlobalSection
	GlobalSection(SolutionProperties) = preSolution
		HideSolutionNode = FALSE
	EndGlobalSection
	GlobalSection(ExtensibilityGlobals) = postSolution
		SolutionGuid = {2A623CE3-A31F-4671-A520-423C1A14F491}
	EndGlobalSection
EndGlobal
